
Microsoft Visual Studio Solution File, Format Version 12.00
Project("{FAE04EC0-301F-11D3-BF4B-00C04F79EFBC}") = "Filter", "Filter\Filter.csproj", "{170FFC11-EA10-461F-A407-A8339B510CD4}"
EndProject
Project("{FAE04EC0-301F-11D3-BF4B-00C04F79EFBC}") = "Filter.Tests", "Filter.Tests\Filter.Tests.csproj", "{A038E4F0-CDC1-481D-8C74-76B12BA78894}"
EndProject
Global
	GlobalSection(SolutionConfigurationPlatforms) = preSolution
		Debug|Any CPU = Debug|Any CPU
		Release|Any CPU = Release|Any CPU
	EndGlobalSection
	GlobalSection(ProjectConfigurationPlatforms) = postSolution
		{170FFC11-EA10-461F-A407-A8339B510CD4}.Debug|Any CPU.ActiveCfg = Debug|Any CPU
		{170FFC11-EA10-461F-A407-A8339B510CD4}.Debug|Any CPU.Build.0 = Debug|Any CPU
		{170FFC11-EA10-461F-A407-A8339B510CD4}.Release|Any CPU.ActiveCfg = Release|Any CPU
		{170FFC11-EA10-461F-A407-A8339B510CD4}.Release|Any CPU.Build.0 = Release|Any CPU
		{A038E4F0-CDC1-481D-8C74-76B12BA78894}.Debug|Any CPU.ActiveCfg = Debug|Any CPU
		{A038E4F0-CDC1-481D-8C74-76B12BA78894}.Debug|Any CPU.Build.0 = Debug|Any CPU
		{A038E4F0-CDC1-481D-8C74-76B12BA78894}.Release|Any CPU.ActiveCfg = Release|Any CPU
		{A038E4F0-CDC1-481D-8C74-76B12BA78894}.Release|Any CPU.Build.0 = Release|Any CPU
	EndGlobalSection
EndGlobal
