
Microsoft Visual Studio Solution File, Format Version 12.00
# Visual Studio 15
VisualStudioVersion = 15.0.27004.2009
MinimumVisualStudioVersion = 10.0.40219.1
Project("{FAE04EC0-301F-11D3-BF4B-00C04F79EFBC}") = "StreamDemo", "StreamDemo\StreamDemo.csproj", "{E8F6AC14-5849-4883-8DCC-E708D311BCFD}"
EndProject
Project("{FAE04EC0-301F-11D3-BF4B-00C04F79EFBC}") = "StreamDemo.Tests", "StreamDemo.Tests\StreamDemo.Tests.csproj", "{D0E38934-AA43-4AE4-939C-75D04D99371D}"
EndProject
Project("{FAE04EC0-301F-11D3-BF4B-00C04F79EFBC}") = "ConsoleClient", "ConsoleClient\ConsoleClient.csproj", "{B3E60FD0-2A98-4491-80C6-15E907BB79B9}"
EndProject
Global
	GlobalSection(SolutionConfigurationPlatforms) = preSolution
		Debug|Any CPU = Debug|Any CPU
		Release|Any CPU = Release|Any CPU
	EndGlobalSection
	GlobalSection(ProjectConfigurationPlatforms) = postSolution
		{E8F6AC14-5849-4883-8DCC-E708D311BCFD}.Debug|Any CPU.ActiveCfg = Debug|Any CPU
		{E8F6AC14-5849-4883-8DCC-E708D311BCFD}.Debug|Any CPU.Build.0 = Debug|Any CPU
		{E8F6AC14-5849-4883-8DCC-E708D311BCFD}.Release|Any CPU.ActiveCfg = Release|Any CPU
		{E8F6AC14-5849-4883-8DCC-E708D311BCFD}.Release|Any CPU.Build.0 = Release|Any CPU
		{D0E38934-AA43-4AE4-939C-75D04D99371D}.Debug|Any CPU.ActiveCfg = Debug|Any CPU
		{D0E38934-AA43-4AE4-939C-75D04D99371D}.Debug|Any CPU.Build.0 = Debug|Any CPU
		{D0E38934-AA43-4AE4-939C-75D04D99371D}.Release|Any CPU.ActiveCfg = Release|Any CPU
		{D0E38934-AA43-4AE4-939C-75D04D99371D}.Release|Any CPU.Build.0 = Release|Any CPU
		{B3E60FD0-2A98-4491-80C6-15E907BB79B9}.Debug|Any CPU.ActiveCfg = Debug|Any CPU
		{B3E60FD0-2A98-4491-80C6-15E907BB79B9}.Debug|Any CPU.Build.0 = Debug|Any CPU
		{B3E60FD0-2A98-4491-80C6-15E907BB79B9}.Release|Any CPU.ActiveCfg = Release|Any CPU
		{B3E60FD0-2A98-4491-80C6-15E907BB79B9}.Release|Any CPU.Build.0 = Release|Any CPU
	EndGlobalSection
	GlobalSection(SolutionProperties) = preSolution
		HideSolutionNode = FALSE
	EndGlobalSection
	GlobalSection(ExtensibilityGlobals) = postSolution
		SolutionGuid = {C950F8E2-7FC8-4446-8D62-D0802BDA4432}
	EndGlobalSection
EndGlobal
