
Microsoft Visual Studio Solution File, Format Version 12.00
# Visual Studio 15
VisualStudioVersion = 15.0.28307.329
MinimumVisualStudioVersion = 10.0.40219.1
Project("{FAE04EC0-301F-11D3-BF4B-00C04F79EFBC}") = "NextBiggerThanClass", "NextBiggerThanClass\NextBiggerThanClass.csproj", "{6A71DFE7-2414-43B6-BFAA-816E799C4E37}"
EndProject
Project("{FAE04EC0-301F-11D3-BF4B-00C04F79EFBC}") = "GcdClass", "NODClass\GcdClass.csproj", "{5C6D833B-4903-4C1D-96CB-5D3B06903E5D}"
EndProject
Project("{FAE04EC0-301F-11D3-BF4B-00C04F79EFBC}") = "MathExtension.Tests", "Root.Tests\MathExtension.Tests.csproj", "{427CD9E8-A4DF-4926-A5F7-CF74DD12A020}"
EndProject
Project("{FAE04EC0-301F-11D3-BF4B-00C04F79EFBC}") = "FindNthRootClass", "FindNthRootClass\FindNthRootClass.csproj", "{49050642-78C3-4ACA-B654-9991729114F8}"
EndProject
Project("{FAE04EC0-301F-11D3-BF4B-00C04F79EFBC}") = "Number.Tests", "Number.Tests\Number.Tests.csproj", "{D86F3645-9C11-4742-8893-A8D318CE91A5}"
EndProject
Project("{FAE04EC0-301F-11D3-BF4B-00C04F79EFBC}") = "Nod.Tests", "Nod.Tests\Nod.Tests.csproj", "{B249EB12-ACDE-4432-A41B-947812D2EA07}"
EndProject
Global
	GlobalSection(SolutionConfigurationPlatforms) = preSolution
		Debug|Any CPU = Debug|Any CPU
		Release|Any CPU = Release|Any CPU
	EndGlobalSection
	GlobalSection(ProjectConfigurationPlatforms) = postSolution
		{6A71DFE7-2414-43B6-BFAA-816E799C4E37}.Debug|Any CPU.ActiveCfg = Debug|Any CPU
		{6A71DFE7-2414-43B6-BFAA-816E799C4E37}.Debug|Any CPU.Build.0 = Debug|Any CPU
		{6A71DFE7-2414-43B6-BFAA-816E799C4E37}.Release|Any CPU.ActiveCfg = Release|Any CPU
		{6A71DFE7-2414-43B6-BFAA-816E799C4E37}.Release|Any CPU.Build.0 = Release|Any CPU
		{5C6D833B-4903-4C1D-96CB-5D3B06903E5D}.Debug|Any CPU.ActiveCfg = Debug|Any CPU
		{5C6D833B-4903-4C1D-96CB-5D3B06903E5D}.Debug|Any CPU.Build.0 = Debug|Any CPU
		{5C6D833B-4903-4C1D-96CB-5D3B06903E5D}.Release|Any CPU.ActiveCfg = Release|Any CPU
		{5C6D833B-4903-4C1D-96CB-5D3B06903E5D}.Release|Any CPU.Build.0 = Release|Any CPU
		{427CD9E8-A4DF-4926-A5F7-CF74DD12A020}.Debug|Any CPU.ActiveCfg = Debug|Any CPU
		{427CD9E8-A4DF-4926-A5F7-CF74DD12A020}.Debug|Any CPU.Build.0 = Debug|Any CPU
		{427CD9E8-A4DF-4926-A5F7-CF74DD12A020}.Release|Any CPU.ActiveCfg = Release|Any CPU
		{427CD9E8-A4DF-4926-A5F7-CF74DD12A020}.Release|Any CPU.Build.0 = Release|Any CPU
		{49050642-78C3-4ACA-B654-9991729114F8}.Debug|Any CPU.ActiveCfg = Debug|Any CPU
		{49050642-78C3-4ACA-B654-9991729114F8}.Debug|Any CPU.Build.0 = Debug|Any CPU
		{49050642-78C3-4ACA-B654-9991729114F8}.Release|Any CPU.ActiveCfg = Release|Any CPU
		{49050642-78C3-4ACA-B654-9991729114F8}.Release|Any CPU.Build.0 = Release|Any CPU
		{D86F3645-9C11-4742-8893-A8D318CE91A5}.Debug|Any CPU.ActiveCfg = Debug|Any CPU
		{D86F3645-9C11-4742-8893-A8D318CE91A5}.Debug|Any CPU.Build.0 = Debug|Any CPU
		{D86F3645-9C11-4742-8893-A8D318CE91A5}.Release|Any CPU.ActiveCfg = Release|Any CPU
		{D86F3645-9C11-4742-8893-A8D318CE91A5}.Release|Any CPU.Build.0 = Release|Any CPU
		{B249EB12-ACDE-4432-A41B-947812D2EA07}.Debug|Any CPU.ActiveCfg = Debug|Any CPU
		{B249EB12-ACDE-4432-A41B-947812D2EA07}.Debug|Any CPU.Build.0 = Debug|Any CPU
		{B249EB12-ACDE-4432-A41B-947812D2EA07}.Release|Any CPU.ActiveCfg = Release|Any CPU
		{B249EB12-ACDE-4432-A41B-947812D2EA07}.Release|Any CPU.Build.0 = Release|Any CPU
	EndGlobalSection
	GlobalSection(SolutionProperties) = preSolution
		HideSolutionNode = FALSE
	EndGlobalSection
	GlobalSection(ExtensibilityGlobals) = postSolution
		SolutionGuid = {952AFC09-36A0-4586-B024-7E1C4A649F67}
	EndGlobalSection
EndGlobal
