
Microsoft Visual Studio Solution File, Format Version 12.00
# Visual Studio 15
VisualStudioVersion = 15.0.28307.329
MinimumVisualStudioVersion = 10.0.40219.1
Project("{FAE04EC0-301F-11D3-BF4B-00C04F79EFBC}") = "FindMaxRecursive", "FindMaxRecursive\FindMaxRecursive.csproj", "{B8422339-14CE-48CC-96A1-4A577E210F15}"
EndProject
Project("{FAE04EC0-301F-11D3-BF4B-00C04F79EFBC}") = "FindMaximumItem.Tests", "FindMaximumItem.Tests\FindMaximumItem.Tests.csproj", "{D5864E8A-2F6F-432C-9CAF-B9AD80E04DA0}"
EndProject
Project("{FAE04EC0-301F-11D3-BF4B-00C04F79EFBC}") = "InsertNumber", "InsertNumber\InsertNumber.csproj", "{EDA88FD7-27D8-43E7-B62D-5E92CFBBF737}"
EndProject
Project("{FAE04EC0-301F-11D3-BF4B-00C04F79EFBC}") = "InsertNumberIntoAnother.Tests", "InsertNumberIntoAnother.Tests\InsertNumberIntoAnother.Tests.csproj", "{C8AFFD74-DC92-4906-82E5-4A33C9EE6EDC}"
EndProject
Global
	GlobalSection(SolutionConfigurationPlatforms) = preSolution
		Debug|Any CPU = Debug|Any CPU
		Release|Any CPU = Release|Any CPU
	EndGlobalSection
	GlobalSection(ProjectConfigurationPlatforms) = postSolution
		{B8422339-14CE-48CC-96A1-4A577E210F15}.Debug|Any CPU.ActiveCfg = Debug|Any CPU
		{B8422339-14CE-48CC-96A1-4A577E210F15}.Debug|Any CPU.Build.0 = Debug|Any CPU
		{B8422339-14CE-48CC-96A1-4A577E210F15}.Release|Any CPU.ActiveCfg = Release|Any CPU
		{B8422339-14CE-48CC-96A1-4A577E210F15}.Release|Any CPU.Build.0 = Release|Any CPU
		{D5864E8A-2F6F-432C-9CAF-B9AD80E04DA0}.Debug|Any CPU.ActiveCfg = Debug|Any CPU
		{D5864E8A-2F6F-432C-9CAF-B9AD80E04DA0}.Debug|Any CPU.Build.0 = Debug|Any CPU
		{D5864E8A-2F6F-432C-9CAF-B9AD80E04DA0}.Release|Any CPU.ActiveCfg = Release|Any CPU
		{D5864E8A-2F6F-432C-9CAF-B9AD80E04DA0}.Release|Any CPU.Build.0 = Release|Any CPU
		{EDA88FD7-27D8-43E7-B62D-5E92CFBBF737}.Debug|Any CPU.ActiveCfg = Debug|Any CPU
		{EDA88FD7-27D8-43E7-B62D-5E92CFBBF737}.Debug|Any CPU.Build.0 = Debug|Any CPU
		{EDA88FD7-27D8-43E7-B62D-5E92CFBBF737}.Release|Any CPU.ActiveCfg = Release|Any CPU
		{EDA88FD7-27D8-43E7-B62D-5E92CFBBF737}.Release|Any CPU.Build.0 = Release|Any CPU
		{C8AFFD74-DC92-4906-82E5-4A33C9EE6EDC}.Debug|Any CPU.ActiveCfg = Debug|Any CPU
		{C8AFFD74-DC92-4906-82E5-4A33C9EE6EDC}.Debug|Any CPU.Build.0 = Debug|Any CPU
		{C8AFFD74-DC92-4906-82E5-4A33C9EE6EDC}.Release|Any CPU.ActiveCfg = Release|Any CPU
		{C8AFFD74-DC92-4906-82E5-4A33C9EE6EDC}.Release|Any CPU.Build.0 = Release|Any CPU
	EndGlobalSection
	GlobalSection(SolutionProperties) = preSolution
		HideSolutionNode = FALSE
	EndGlobalSection
	GlobalSection(ExtensibilityGlobals) = postSolution
		SolutionGuid = {A000BD34-0158-43BC-9140-06313F628079}
	EndGlobalSection
EndGlobal
