
Microsoft Visual Studio Solution File, Format Version 12.00
# Visual Studio 15
VisualStudioVersion = 15.0.28307.329
MinimumVisualStudioVersion = 10.0.40219.1
Project("{FAE04EC0-301F-11D3-BF4B-00C04F79EFBC}") = "Day1Task3", "Day1Task3\Day1Task3.csproj", "{8A8D0875-6476-4D3A-8591-A64DE2FE9224}"
EndProject
Project("{FAE04EC0-301F-11D3-BF4B-00C04F79EFBC}") = "SortingTests", "SortingTests\SortingTests.csproj", "{4F65B2DC-9990-441B-A32A-EFF1374959FA}"
EndProject
Global
	GlobalSection(SolutionConfigurationPlatforms) = preSolution
		Debug|Any CPU = Debug|Any CPU
		Release|Any CPU = Release|Any CPU
	EndGlobalSection
	GlobalSection(ProjectConfigurationPlatforms) = postSolution
		{8A8D0875-6476-4D3A-8591-A64DE2FE9224}.Debug|Any CPU.ActiveCfg = Debug|Any CPU
		{8A8D0875-6476-4D3A-8591-A64DE2FE9224}.Debug|Any CPU.Build.0 = Debug|Any CPU
		{8A8D0875-6476-4D3A-8591-A64DE2FE9224}.Release|Any CPU.ActiveCfg = Release|Any CPU
		{8A8D0875-6476-4D3A-8591-A64DE2FE9224}.Release|Any CPU.Build.0 = Release|Any CPU
		{4F65B2DC-9990-441B-A32A-EFF1374959FA}.Debug|Any CPU.ActiveCfg = Debug|Any CPU
		{4F65B2DC-9990-441B-A32A-EFF1374959FA}.Debug|Any CPU.Build.0 = Debug|Any CPU
		{4F65B2DC-9990-441B-A32A-EFF1374959FA}.Release|Any CPU.ActiveCfg = Release|Any CPU
		{4F65B2DC-9990-441B-A32A-EFF1374959FA}.Release|Any CPU.Build.0 = Release|Any CPU
	EndGlobalSection
	GlobalSection(SolutionProperties) = preSolution
		HideSolutionNode = FALSE
	EndGlobalSection
	GlobalSection(ExtensibilityGlobals) = postSolution
		SolutionGuid = {691F4FD9-DEE9-43F1-BB23-58526CE292FF}
	EndGlobalSection
EndGlobal
